
Microsoft Visual Studio Solution File, Format Version 12.00
Project("{FAE04EC0-301F-11D3-BF4B-00C04F79EFBC}") = "Krakjam2024Server", "Krakjam2024Server\Krakjam2024Server.csproj", "{B9CB46E9-2445-41D8-B689-5F5BE300686C}"
EndProject
Global
	GlobalSection(SolutionConfigurationPlatforms) = preSolution
		Debug|Any CPU = Debug|Any CPU
		Release|Any CPU = Release|Any CPU
	EndGlobalSection
	GlobalSection(ProjectConfigurationPlatforms) = postSolution
		{B9CB46E9-2445-41D8-B689-5F5BE300686C}.Debug|Any CPU.ActiveCfg = Debug|Any CPU
		{B9CB46E9-2445-41D8-B689-5F5BE300686C}.Debug|Any CPU.Build.0 = Debug|Any CPU
		{B9CB46E9-2445-41D8-B689-5F5BE300686C}.Release|Any CPU.ActiveCfg = Release|Any CPU
		{B9CB46E9-2445-41D8-B689-5F5BE300686C}.Release|Any CPU.Build.0 = Release|Any CPU
	EndGlobalSection
EndGlobal
